
Microsoft Visual Studio Solution File, Format Version 12.00
# Visual Studio 14
VisualStudioVersion = 14.0.25420.1
MinimumVisualStudioVersion = 10.0.40219.1
Project("{2150E333-8FDC-42A3-9474-1A3956D46DE8}") = "4 MVC CF+Repository", "4 MVC CF+Repository", "{D22FEB52-FB5B-4FD6-9E48-D5CACC84442C}"
EndProject
Project("{FAE04EC0-301F-11D3-BF4B-00C04F79EFBC}") = "MVCCF.Web", "MVCCF.Web\MVCCF.Web.csproj", "{543FC123-C20B-4519-B6CE-0CF1E3404B2C}"
EndProject
Project("{FAE04EC0-301F-11D3-BF4B-00C04F79EFBC}") = "MVCCF.Entity", "MVCCF.Entity\MVCCF.Entity.csproj", "{19CAEA95-8B7B-4796-A892-F0CBCA298356}"
EndProject
Project("{FAE04EC0-301F-11D3-BF4B-00C04F79EFBC}") = "MVCCF.DAL", "MVCCF.DAL\MVCCF.DAL.csproj", "{9B169D4A-7608-4061-A116-268E7D4854B5}"
EndProject
Project("{FAE04EC0-301F-11D3-BF4B-00C04F79EFBC}") = "MVCCF.BLL", "MVCCF.BLL\MVCCF.BLL.csproj", "{0799B24D-D10F-4297-BAE7-591993CEB8AD}"
EndProject
Global
	GlobalSection(SolutionConfigurationPlatforms) = preSolution
		Debug|Any CPU = Debug|Any CPU
		Release|Any CPU = Release|Any CPU
	EndGlobalSection
	GlobalSection(ProjectConfigurationPlatforms) = postSolution
		{543FC123-C20B-4519-B6CE-0CF1E3404B2C}.Debug|Any CPU.ActiveCfg = Debug|Any CPU
		{543FC123-C20B-4519-B6CE-0CF1E3404B2C}.Debug|Any CPU.Build.0 = Debug|Any CPU
		{543FC123-C20B-4519-B6CE-0CF1E3404B2C}.Release|Any CPU.ActiveCfg = Release|Any CPU
		{543FC123-C20B-4519-B6CE-0CF1E3404B2C}.Release|Any CPU.Build.0 = Release|Any CPU
		{19CAEA95-8B7B-4796-A892-F0CBCA298356}.Debug|Any CPU.ActiveCfg = Debug|Any CPU
		{19CAEA95-8B7B-4796-A892-F0CBCA298356}.Debug|Any CPU.Build.0 = Debug|Any CPU
		{19CAEA95-8B7B-4796-A892-F0CBCA298356}.Release|Any CPU.ActiveCfg = Release|Any CPU
		{19CAEA95-8B7B-4796-A892-F0CBCA298356}.Release|Any CPU.Build.0 = Release|Any CPU
		{9B169D4A-7608-4061-A116-268E7D4854B5}.Debug|Any CPU.ActiveCfg = Debug|Any CPU
		{9B169D4A-7608-4061-A116-268E7D4854B5}.Debug|Any CPU.Build.0 = Debug|Any CPU
		{9B169D4A-7608-4061-A116-268E7D4854B5}.Release|Any CPU.ActiveCfg = Release|Any CPU
		{9B169D4A-7608-4061-A116-268E7D4854B5}.Release|Any CPU.Build.0 = Release|Any CPU
		{0799B24D-D10F-4297-BAE7-591993CEB8AD}.Debug|Any CPU.ActiveCfg = Debug|Any CPU
		{0799B24D-D10F-4297-BAE7-591993CEB8AD}.Debug|Any CPU.Build.0 = Debug|Any CPU
		{0799B24D-D10F-4297-BAE7-591993CEB8AD}.Release|Any CPU.ActiveCfg = Release|Any CPU
		{0799B24D-D10F-4297-BAE7-591993CEB8AD}.Release|Any CPU.Build.0 = Release|Any CPU
	EndGlobalSection
	GlobalSection(SolutionProperties) = preSolution
		HideSolutionNode = FALSE
	EndGlobalSection
	GlobalSection(NestedProjects) = preSolution
		{543FC123-C20B-4519-B6CE-0CF1E3404B2C} = {D22FEB52-FB5B-4FD6-9E48-D5CACC84442C}
		{19CAEA95-8B7B-4796-A892-F0CBCA298356} = {D22FEB52-FB5B-4FD6-9E48-D5CACC84442C}
		{9B169D4A-7608-4061-A116-268E7D4854B5} = {D22FEB52-FB5B-4FD6-9E48-D5CACC84442C}
		{0799B24D-D10F-4297-BAE7-591993CEB8AD} = {D22FEB52-FB5B-4FD6-9E48-D5CACC84442C}
	EndGlobalSection
	GlobalSection(ExtensibilityGlobals) = postSolution
		SolutionGuid = {39AE4FA5-344E-4840-857C-85648C87BC5E}
	EndGlobalSection
EndGlobal
